
Microsoft Visual Studio Solution File, Format Version 12.00
# Visual Studio Version 16
VisualStudioVersion = 16.0.31321.278
MinimumVisualStudioVersion = 10.0.40219.1
Project("{9A19103F-16F7-4668-BE54-9A1E7A4F7556}") = "MaterialCalculator.BLL", "MaterialCalculator.Data\MaterialCalculator.BLL.csproj", "{ACFF1881-5D0D-42A3-906A-AB719B96D0A0}"
EndProject
Project("{9A19103F-16F7-4668-BE54-9A1E7A4F7556}") = "MaterialCalculator.UI", "MaterialCalculator.UI\MaterialCalculator.UI.csproj", "{3C3223E0-86E0-490D-996A-AD4645243332}"
EndProject
Project("{FAE04EC0-301F-11D3-BF4B-00C04F79EFBC}") = "MaterialCalculator.DAL", "MaterialCalculator.DLL\MaterialCalculator.DAL.csproj", "{F8C4A6E8-892B-49D8-AB2D-B095924DB299}"
EndProject
Project("{FAE04EC0-301F-11D3-BF4B-00C04F79EFBC}") = "MaterialCalculator.Entity", "MaterialCalculator.Entity\MaterialCalculator.Entity.csproj", "{B3ADA863-75D9-4D29-BF3D-2C210857D828}"
EndProject
Global
	GlobalSection(SolutionConfigurationPlatforms) = preSolution
		Debug|Any CPU = Debug|Any CPU
		Release|Any CPU = Release|Any CPU
	EndGlobalSection
	GlobalSection(ProjectConfigurationPlatforms) = postSolution
		{ACFF1881-5D0D-42A3-906A-AB719B96D0A0}.Debug|Any CPU.ActiveCfg = Debug|Any CPU
		{ACFF1881-5D0D-42A3-906A-AB719B96D0A0}.Debug|Any CPU.Build.0 = Debug|Any CPU
		{ACFF1881-5D0D-42A3-906A-AB719B96D0A0}.Release|Any CPU.ActiveCfg = Release|Any CPU
		{ACFF1881-5D0D-42A3-906A-AB719B96D0A0}.Release|Any CPU.Build.0 = Release|Any CPU
		{3C3223E0-86E0-490D-996A-AD4645243332}.Debug|Any CPU.ActiveCfg = Debug|Any CPU
		{3C3223E0-86E0-490D-996A-AD4645243332}.Debug|Any CPU.Build.0 = Debug|Any CPU
		{3C3223E0-86E0-490D-996A-AD4645243332}.Release|Any CPU.ActiveCfg = Release|Any CPU
		{3C3223E0-86E0-490D-996A-AD4645243332}.Release|Any CPU.Build.0 = Release|Any CPU
		{F8C4A6E8-892B-49D8-AB2D-B095924DB299}.Debug|Any CPU.ActiveCfg = Debug|Any CPU
		{F8C4A6E8-892B-49D8-AB2D-B095924DB299}.Debug|Any CPU.Build.0 = Debug|Any CPU
		{F8C4A6E8-892B-49D8-AB2D-B095924DB299}.Release|Any CPU.ActiveCfg = Release|Any CPU
		{F8C4A6E8-892B-49D8-AB2D-B095924DB299}.Release|Any CPU.Build.0 = Release|Any CPU
		{B3ADA863-75D9-4D29-BF3D-2C210857D828}.Debug|Any CPU.ActiveCfg = Debug|Any CPU
		{B3ADA863-75D9-4D29-BF3D-2C210857D828}.Debug|Any CPU.Build.0 = Debug|Any CPU
		{B3ADA863-75D9-4D29-BF3D-2C210857D828}.Release|Any CPU.ActiveCfg = Release|Any CPU
		{B3ADA863-75D9-4D29-BF3D-2C210857D828}.Release|Any CPU.Build.0 = Release|Any CPU
	EndGlobalSection
	GlobalSection(SolutionProperties) = preSolution
		HideSolutionNode = FALSE
	EndGlobalSection
	GlobalSection(ExtensibilityGlobals) = postSolution
		SolutionGuid = {74ABCF52-C97E-4210-939F-E4BBDF10D8EE}
	EndGlobalSection
EndGlobal
